{
  "version": 4,
  "terraform_version": "1.9.8",
  "serial": 11,
  "lineage": "d0c4a9e2-7b31-4f66-9e05-3c2a8f11beef",
  "outputs": {
    "vpc_id": {
      "value": "vpc-0f1c9e2d7a5b40f99",
      "type": "string"
    },
    "state_bucket": {
      "value": "example-corp-tfstate-apse2",
      "type": "string"
    },
    "subnet_ids": {
      "value": [
        "subnet-0a11bb22cc33dd440",
        "subnet-0e55ff66aa77bb881"
      ],
      "type": [
        "list",
        "string"
      ]
    }
  },
  "resources": [
    {
      "mode": "managed",
      "type": "aws_vpc",
      "name": "core",
      "provider": "provider[\"registry.terraform.io/hashicorp/aws\"]",
      "instances": [
        {
          "schema_version": 1,
          "attributes": {
            "arn": "arn:aws:ec2:ap-southeast-2:111122223333:vpc/vpc-0f1c9e2d7a5b40f99",
            "cidr_block": "10.42.0.0/16",
            "enable_dns_hostnames": true,
            "enable_dns_support": true,
            "id": "vpc-0f1c9e2d7a5b40f99",
            "instance_tenancy": "default",
            "tags": {
              "Environment": "sandbox",
              "Name": "example-core-vpc",
              "Team": "platéformé-日本語"
            }
          },
          "sensitive_attributes": [],
          "private": "eyJzY2hlbWFfdmVyc2lvbiI6IjEifQ=="
        }
      ]
    },
    {
      "mode": "managed",
      "type": "aws_subnet",
      "name": "private",
      "provider": "provider[\"registry.terraform.io/hashicorp/aws\"]",
      "instances": [
        {
          "index_key": 0,
          "schema_version": 1,
          "attributes": {
            "availability_zone": "ap-southeast-2a",
            "cidr_block": "10.42.1.0/24",
            "id": "subnet-0a11bb22cc33dd440",
            "map_public_ip_on_launch": false,
            "vpc_id": "vpc-0f1c9e2d7a5b40f99"
          },
          "dependencies": [
            "aws_vpc.core"
          ]
        },
        {
          "index_key": 1,
          "schema_version": 1,
          "attributes": {
            "availability_zone": "ap-southeast-2b",
            "cidr_block": "10.42.2.0/24",
            "id": "subnet-0e55ff66aa77bb881",
            "map_public_ip_on_launch": false,
            "vpc_id": "vpc-0f1c9e2d7a5b40f99"
          },
          "dependencies": [
            "aws_vpc.core"
          ]
        }
      ]
    },
    {
      "mode": "managed",
      "type": "aws_iam_role",
      "name": "app_runtime",
      "provider": "provider[\"registry.terraform.io/hashicorp/aws\"]",
      "instances": [
        {
          "schema_version": 0,
          "attributes": {
            "arn": "arn:aws:iam::111122223333:role/example-app-runtime",
            "assume_role_policy": "{\"Version\":\"2012-10-17\",\"Statement\":[{\"Effect\":\"Allow\",\"Principal\":{\"Service\":\"ec2.amazonaws.com\"},\"Action\":\"sts:AssumeRole\"}]}",
            "id": "example-app-runtime",
            "inline_policy": [],
            "max_session_duration": 3600,
            "name": "example-app-runtime",
            "path": "/service/",
            "tags": {
              "ManagedBy": "terraform"
            }
          }
        }
      ]
    },
    {
      "mode": "managed",
      "type": "aws_instance",
      "name": "bastion",
      "provider": "provider[\"registry.terraform.io/hashicorp/aws\"]",
      "instances": [
        {
          "schema_version": 1,
          "attributes": {
            "ami": "ami-0abcdef1234567890",
            "availability_zone": "ap-southeast-2a",
            "id": "i-0123456789abcdef0",
            "instance_type": "t3.micro",
            "private_ip": "10.42.1.23",
            "subnet_id": "subnet-0a11bb22cc33dd440",
            "user_data": "#!/bin/bash\nset -euo pipefail\necho \"bootstrap: $(hostname)\" >> /var/log/bootstrap.log\nsystemctl enable --now amazon-ssm-agent\n",
            "vpc_security_group_ids": [
              "sg-0aa1bb2cc3dd4ee5f"
            ]
          },
          "dependencies": [
            "aws_subnet.private"
          ]
        }
      ]
    },
    {
      "mode": "data",
      "type": "aws_caller_identity",
      "name": "current",
      "provider": "provider[\"registry.terraform.io/hashicorp/aws\"]",
      "instances": [
        {
          "schema_version": 0,
          "attributes": {
            "account_id": "111122223333",
            "arn": "arn:aws:iam::111122223333:user/example-operator",
            "id": "111122223333",
            "user_id": "AIDAEXAMPLEEXAMPLE1"
          }
        }
      ]
    }
  ],
  "check_results": null
}
